// !$*UTF8*$!
{
	archiveVersion = 1;
	classes = {
	};
	objectVersion = 50;
	objects = {

/* Begin PBXBuildFile section */
		6C9A217CA6A8BE6A9A6D9BF9 /* Pods_gitIgnore.framework in Frameworks */ = {isa = PBXBuildFile; fileRef = 3928FF46D32D67574E7958DC /* Pods_gitIgnore.framework */; };
		C08C38E8242C7A050053A0BE /* AppDelegate.swift in Sources */ = {isa = PBXBuildFile; fileRef = C08C38E7242C7A050053A0BE /* AppDelegate.swift */; };
		C08C38EA242C7A050053A0BE /* SceneDelegate.swift in Sources */ = {isa = PBXBuildFile; fileRef = C08C38E9242C7A050053A0BE /* SceneDelegate.swift */; };
		C08C38EC242C7A050053A0BE /* ViewController.swift in Sources */ = {isa = PBXBuildFile; fileRef = C08C38EB242C7A050053A0BE /* ViewController.swift */; };
		C08C38EF242C7A050053A0BE /* Main.storyboard in Resources */ = {isa = PBXBuildFile; fileRef = C08C38ED242C7A050053A0BE /* Main.storyboard */; };
		C08C38F1242C7A050053A0BE /* Assets.xcassets in Resources */ = {isa = PBXBuildFile; fileRef = C08C38F0242C7A050053A0BE /* Assets.xcassets */; };
		C08C38F4242C7A050053A0BE /* LaunchScreen.storyboard in Resources */ = {isa = PBXBuildFile; fileRef = C08C38F2242C7A050053A0BE /* LaunchScreen.storyboard */; };
/* End PBXBuildFile section */

/* Begin PBXFileReference section */
		3928FF46D32D67574E7958DC /* Pods_gitIgnore.framework */ = {isa = PBXFileReference; explicitFileType = wrapper.framework; includeInIndex = 0; path = Pods_gitIgnore.framework; sourceTree = BUILT_PRODUCTS_DIR; };
		8EF28123491F545AEF978451 /* Pods-gitIgnore.debug.xcconfig */ = {isa = PBXFileReference; includeInIndex = 1; lastKnownFileType = text.xcconfig; name = "Pods-gitIgnore.debug.xcconfig"; path = "Target Support Files/Pods-gitIgnore/Pods-gitIgnore.debug.xcconfig"; sourceTree = "<group>"; };
		A2BA1F63FEC7E055D94D11E8 /* Pods-gitIgnore.release.xcconfig */ = {isa = PBXFileReference; includeInIndex = 1; lastKnownFileType = text.xcconfig; name = "Pods-gitIgnore.release.xcconfig"; path = "Target Support Files/Pods-gitIgnore/Pods-gitIgnore.release.xcconfig"; sourceTree = "<group>"; };
		C08C38E4242C7A050053A0BE /* gitIgnore.app */ = {isa = PBXFileReference; explicitFileType = wrapper.application; includeInIndex = 0; path = gitIgnore.app; sourceTree = BUILT_PRODUCTS_DIR; };
		C08C38E7242C7A050053A0BE /* AppDelegate.swift */ = {isa = PBXFileReference; lastKnownFileType = sourcecode.swift; path = AppDelegate.swift; sourceTree = "<group>"; };
		C08C38E9242C7A050053A0BE /* SceneDelegate.swift */ = {isa = PBXFileReference; lastKnownFileType = sourcecode.swift; path = SceneDelegate.swift; sourceTree = "<group>"; };
		C08C38EB242C7A050053A0BE /* ViewController.swift */ = {isa = PBXFileReference; lastKnownFileType = sourcecode.swift; path = ViewController.swift; sourceTree = "<group>"; };
		C08C38EE242C7A050053A0BE /* Base */ = {isa = PBXFileReference; lastKnownFileType = file.storyboard; name = Base; path = Base.lproj/Main.storyboard; sourceTree = "<group>"; };
		C08C38F0242C7A050053A0BE /* Assets.xcassets */ = {isa = PBXFileReference; lastKnownFileType = folder.assetcatalog; path = Assets.xcassets; sourceTree = "<group>"; };
		C08C38F3242C7A050053A0BE /* Base */ = {isa = PBXFileReference; lastKnownFileType = file.storyboard; name = Base; path = Base.lproj/LaunchScreen.storyboard; sourceTree = "<group>"; };
		C08C38F5242C7A050053A0BE /* Info.plist */ = {isa = PBXFileReference; lastKnownFileType = text.plist.xml; path = Info.plist; sourceTree = "<group>"; };
/* End PBXFileReference section */

/* Begin PBXFrameworksBuildPhase section */
		C08C38E1242C7A050053A0BE /* Frameworks */ = {
			isa = PBXFrameworksBuildPhase;
			buildActionMask = 2147483647;
			files = (
				6C9A217CA6A8BE6A9A6D9BF9 /* Pods_gitIgnore.framework in Frameworks */,
			);
			runOnlyForDeploymentPostprocessing = 0;
		};
/* End PBXFrameworksBuildPhase section */

/* Begin PBXGroup section */
		462EF6C3F2A0C83CCD11333A /* Frameworks */ = {
			isa = PBXGroup;
			children = (
				3928FF46D32D67574E7958DC /* Pods_gitIgnore.framework */,
			);
			name = Frameworks;
			sourceTree = "<group>";
		};
		8DE48E68CEE508ED987012E4 /* Pods */ = {
			isa = PBXGroup;
			children = (
				8EF28123491F545AEF978451 /* Pods-gitIgnore.debug.xcconfig */,
				A2BA1F63FEC7E055D94D11E8 /* Pods-gitIgnore.release.xcconfig */,
			);
			name = Pods;
			path = Pods;
			sourceTree = "<group>";
		};
		C08C38DB242C7A050053A0BE = {
			isa = PBXGroup;
			children = (
				C08C38E6242C7A050053A0BE /* gitIgnore */,
				C08C38E5242C7A050053A0BE /* Products */,
				8DE48E68CEE508ED987012E4 /* Pods */,
				462EF6C3F2A0C83CCD11333A /* Frameworks */,
			);
			sourceTree = "<group>";
		};
		C08C38E5242C7A050053A0BE /* Products */ = {
			isa = PBXGroup;
			children = (
				C08C38E4242C7A050053A0BE /* gitIgnore.app */,
			);
			name = Products;
			sourceTree = "<group>";
		};
		C08C38E6242C7A050053A0BE /* gitIgnore */ = {
			isa = PBXGroup;
			children = (
				C08C38E7242C7A050053A0BE /* AppDelegate.swift */,
				C08C38E9242C7A050053A0BE /* SceneDelegate.swift */,
				C08C38EB242C7A050053A0BE /* ViewController.swift */,
				C08C38ED242C7A050053A0BE /* Main.storyboard */,
				C08C38F0242C7A050053A0BE /* Assets.xcassets */,
				C08C38F2242C7A050053A0BE /* LaunchScreen.storyboard */,
				C08C38F5242C7A050053A0BE /* Info.plist */,
			);
			path = gitIgnore;
			sourceTree = "<group>";
		};
/* End PBXGroup section */

/* Begin PBXNativeTarget section */
		C08C38E3242C7A050053A0BE /* gitIgnore */ = {
			isa = PBXNativeTarget;
			buildConfigurationList = C08C38F8242C7A050053A0BE /* Build configuration list for PBXNativeTarget "gitIgnore" */;
			buildPhases = (
				DB1905DD510C94322F7BEA17 /* [CP] Check Pods Manifest.lock */,
				C08C38E0242C7A050053A0BE /* Sources */,
				C08C38E1242C7A050053A0BE /* Frameworks */,
				C08C38E2242C7A050053A0BE /* Resources */,
				F084E0898E0434D57923736C /* [CP] Embed Pods Frameworks */,
			);
			buildRules = (
			);
			dependencies = (
			);
			name = gitIgnore;
			productName = gitIgnore;
			productReference = C08C38E4242C7A050053A0BE /* gitIgnore.app */;
			productType = "com.apple.product-type.application";
		};
/* End PBXNativeTarget section */

/* Begin PBXProject section */
		C08C38DC242C7A050053A0BE /* Project object */ = {
			isa = PBXProject;
			attributes = {
				LastSwiftUpdateCheck = 1140;
				LastUpgradeCheck = 1140;
				ORGANIZATIONNAME = brown;
				TargetAttributes = {
					C08C38E3242C7A050053A0BE = {
						CreatedOnToolsVersion = 11.4;
					};
				};
			};
			buildConfigurationList = C08C38DF242C7A050053A0BE /* Build configuration list for PBXProject "gitIgnore" */;
			compatibilityVersion = "Xcode 9.3";
			developmentRegion = en;
			hasScannedForEncodings = 0;
			knownRegions = (
				en,
				Base,
			);
			mainGroup = C08C38DB242C7A050053A0BE;
			productRefGroup = C08C38E5242C7A050053A0BE /* Products */;
			projectDirPath = "";
			projectRoot = "";
			targets = (
				C08C38E3242C7A050053A0BE /* gitIgnore */,
			);
		};
/* End PBXProject section */

/* Begin PBXResourcesBuildPhase section */
		C08C38E2242C7A050053A0BE /* Resources */ = {
			isa = PBXResourcesBuildPhase;
			buildActionMask = 2147483647;
			files = (
				C08C38F4242C7A050053A0BE /* LaunchScreen.storyboard in Resources */,
				C08C38F1242C7A050053A0BE /* Assets.xcassets in Resources */,
				C08C38EF242C7A050053A0BE /* Main.storyboard in Resources */,
			);
			runOnlyForDeploymentPostprocessing = 0;
		};
/* End PBXResourcesBuildPhase section */

/* Begin PBXShellScriptBuildPhase section */
		DB1905DD510C94322F7BEA17 /* [CP] Check Pods Manifest.lock */ = {
			isa = PBXShellScriptBuildPhase;
			buildActionMask = 2147483647;
			files = (
			);
			inputFileListPaths = (
			);
			inputPaths = (
				"${PODS_PODFILE_DIR_PATH}/Podfile.lock",
				"${PODS_ROOT}/Manifest.lock",
			);
			name = "[CP] Check Pods Manifest.lock";
			outputFileListPaths = (
			);
			outputPaths = (
				"$(DERIVED_FILE_DIR)/Pods-gitIgnore-checkManifestLockResult.txt",
			);
			runOnlyForDeploymentPostprocessing = 0;
			shellPath = /bin/sh;
			shellScript = "diff \"${PODS_PODFILE_DIR_PATH}/Podfile.lock\" \"${PODS_ROOT}/Manifest.lock\" > /dev/null\nif [ $? != 0 ] ; then\n    # print error to STDERR\n    echo \"error: The sandbox is not in sync with the Podfile.lock. Run 'pod install' or update your CocoaPods installation.\" >&2\n    exit 1\nfi\n# This output is used by Xcode 'outputs' to avoid re-running this script phase.\necho \"SUCCESS\" > \"${SCRIPT_OUTPUT_FILE_0}\"\n";
			showEnvVarsInLog = 0;
		};
		F084E0898E0434D57923736C /* [CP] Embed Pods Frameworks */ = {
			isa = PBXShellScriptBuildPhase;
			buildActionMask = 2147483647;
			files = (
			);
			inputFileListPaths = (
				"${PODS_ROOT}/Target Support Files/Pods-gitIgnore/Pods-gitIgnore-frameworks-${CONFIGURATION}-input-files.xcfilelist",
			);
			name = "[CP] Embed Pods Frameworks";
			outputFileListPaths = (
				"${PODS_ROOT}/Target Support Files/Pods-gitIgnore/Pods-gitIgnore-frameworks-${CONFIGURATION}-output-files.xcfilelist",
			);
			runOnlyForDeploymentPostprocessing = 0;
			shellPath = /bin/sh;
			shellScript = "\"${PODS_ROOT}/Target Support Files/Pods-gitIgnore/Pods-gitIgnore-frameworks.sh\"\n";
			showEnvVarsInLog = 0;
		};
/* End PBXShellScriptBuildPhase section */

/* Begin PBXSourcesBuildPhase section */
		C08C38E0242C7A050053A0BE /* Sources */ = {
			isa = PBXSourcesBuildPhase;
			buildActionMask = 2147483647;
			files = (
				C08C38EC242C7A050053A0BE /* ViewController.swift in Sources */,
				C08C38E8242C7A050053A0BE /* AppDelegate.swift in Sources */,
				C08C38EA242C7A050053A0BE /* SceneDelegate.swift in Sources */,
			);
			runOnlyForDeploymentPostprocessing = 0;
		};
/* End PBXSourcesBuildPhase section */

/* Begin PBXVariantGroup section */
		C08C38ED242C7A050053A0BE /* Main.storyboard */ = {
			isa = PBXVariantGroup;
			children = (
				C08C38EE242C7A050053A0BE /* Base */,
			);
			name = Main.storyboard;
			sourceTree = "<group>";
		};
		C08C38F2242C7A050053A0BE /* LaunchScreen.storyboard */ = {
			isa = PBXVariantGroup;
			children = (
				C08C38F3242C7A050053A0BE /* Base */,
			);
			name = LaunchScreen.storyboard;
			sourceTree = "<group>";
		};
/* End PBXVariantGroup section */

/* Begin XCBuildConfiguration section */
		C08C38F6242C7A050053A0BE /* Debug */ = {
			isa = XCBuildConfiguration;
			buildSettings = {
				ALWAYS_SEARCH_USER_PATHS = NO;
				CLANG_ANALYZER_NONNULL = YES;
				CLANG_ANALYZER_NUMBER_OBJECT_CONVERSION = YES_AGGRESSIVE;
				CLANG_CXX_LANGUAGE_STANDARD = "gnu++14";
				CLANG_CXX_LIBRARY = "libc++";
				CLANG_ENABLE_MODULES = YES;
				CLANG_ENABLE_OBJC_ARC = YES;
				CLANG_ENABLE_OBJC_WEAK = YES;
				CLANG_WARN_BLOCK_CAPTURE_AUTORELEASING = YES;
				CLANG_WARN_BOOL_CONVERSION = YES;
				CLANG_WARN_COMMA = YES;
				CLANG_WARN_CONSTANT_CONVERSION = YES;
				CLANG_WARN_DEPRECATED_OBJC_IMPLEMENTATIONS = YES;
				CLANG_WARN_DIRECT_OBJC_ISA_USAGE = YES_ERROR;
				CLANG_WARN_DOCUMENTATION_COMMENTS = YES;
				CLANG_WARN_EMPTY_BODY = YES;
				CLANG_WARN_ENUM_CONVERSION = YES;
				CLANG_WARN_INFINITE_RECURSION = YES;
				CLANG_WARN_INT_CONVERSION = YES;
				CLANG_WARN_NON_LITERAL_NULL_CONVERSION = YES;
				CLANG_WARN_OBJC_IMPLICIT_RETAIN_SELF = YES;
				CLANG_WARN_OBJC_LITERAL_CONVERSION = YES;
				CLANG_WARN_OBJC_ROOT_CLASS = YES_ERROR;
				CLANG_WARN_RANGE_LOOP_ANALYSIS = YES;
				CLANG_WARN_STRICT_PROTOTYPES = YES;
				CLANG_WARN_SUSPICIOUS_MOVE = YES;
				CLANG_WARN_UNGUARDED_AVAILABILITY = YES_AGGRESSIVE;
				CLANG_WARN_UNREACHABLE_CODE = YES;
				CLANG_WARN__DUPLICATE_METHOD_MATCH = YES;
				COPY_PHASE_STRIP = NO;
				DEBUG_INFORMATION_FORMAT = dwarf;
				ENABLE_STRICT_OBJC_MSGSEND = YES;
				ENABLE_TESTABILITY = YES;
				GCC_C_LANGUAGE_STANDARD = gnu11;
				GCC_DYNAMIC_NO_PIC = NO;
				GCC_NO_COMMON_BLOCKS = YES;
				GCC_OPTIMIZATION_LEVEL = 0;
				GCC_PREPROCESSOR_DEFINITIONS = (
					"DEBUG=1",
					"$(inherited)",
				);
				GCC_WARN_64_TO_32_BIT_CONVERSION = YES;
				GCC_WARN_ABOUT_RETURN_TYPE = YES_ERROR;
				GCC_WARN_UNDECLARED_SELECTOR = YES;
				GCC_WARN_UNINITIALIZED_AUTOS = YES_AGGRESSIVE;
				GCC_WARN_UNUSED_FUNCTION = YES;
				GCC_WARN_UNUSED_VARIABLE = YES;
				IPHONEOS_DEPLOYMENT_TARGET = 13.4;
				MTL_ENABLE_DEBUG_INFO = INCLUDE_SOURCE;
				MTL_FAST_MATH = YES;
				ONLY_ACTIVE_ARCH = YES;
				SDKROOT = iphoneos;
				SWIFT_ACTIVE_COMPILATION_CONDITIONS = DEBUG;
				SWIFT_OPTIMIZATION_LEVEL = "-Onone";
			};
			name = Debug;
		};
		C08C38F7242C7A050053A0BE /* Release */ = {
			isa = XCBuildConfiguration;
			buildSettings = {
				ALWAYS_SEARCH_USER_PATHS = NO;
				CLANG_ANALYZER_NONNULL = YES;
				CLANG_ANALYZER_NUMBER_OBJECT_CONVERSION = YES_AGGRESSIVE;
				CLANG_CXX_LANGUAGE_STANDARD = "gnu++14";
				CLANG_CXX_LIBRARY = "libc++";
				CLANG_ENABLE_MODULES = YES;
				CLANG_ENABLE_OBJC_ARC = YES;
				CLANG_ENABLE_OBJC_WEAK = YES;
				CLANG_WARN_BLOCK_CAPTURE_AUTORELEASING = YES;
				CLANG_WARN_BOOL_CONVERSION = YES;
				CLANG_WARN_COMMA = YES;
				CLANG_WARN_CONSTANT_CONVERSION = YES;
				CLANG_WARN_DEPRECATED_OBJC_IMPLEMENTATIONS = YES;
				CLANG_WARN_DIRECT_OBJC_ISA_USAGE = YES_ERROR;
				CLANG_WARN_DOCUMENTATION_COMMENTS = YES;
				CLANG_WARN_EMPTY_BODY = YES;
				CLANG_WARN_ENUM_CONVERSION = YES;
				CLANG_WARN_INFINITE_RECURSION = YES;
				CLANG_WARN_INT_CONVERSION = YES;
				CLANG_WARN_NON_LITERAL_NULL_CONVERSION = YES;
				CLANG_WARN_OBJC_IMPLICIT_RETAIN_SELF = YES;
				CLANG_WARN_OBJC_LITERAL_CONVERSION = YES;
				CLANG_WARN_OBJC_ROOT_CLASS = YES_ERROR;
				CLANG_WARN_RANGE_LOOP_ANALYSIS = YES;
				CLANG_WARN_STRICT_PROTOTYPES = YES;
				CLANG_WARN_SUSPICIOUS_MOVE = YES;
				CLANG_WARN_UNGUARDED_AVAILABILITY = YES_AGGRESSIVE;
				CLANG_WARN_UNREACHABLE_CODE = YES;
				CLANG_WARN__DUPLICATE_METHOD_MATCH = YES;
				COPY_PHASE_STRIP = NO;
				DEBUG_INFORMATION_FORMAT = "dwarf-with-dsym";
				ENABLE_NS_ASSERTIONS = NO;
				ENABLE_STRICT_OBJC_MSGSEND = YES;
				GCC_C_LANGUAGE_STANDARD = gnu11;
				GCC_NO_COMMON_BLOCKS = YES;
				GCC_WARN_64_TO_32_BIT_CONVERSION = YES;
				GCC_WARN_ABOUT_RETURN_TYPE = YES_ERROR;
				GCC_WARN_UNDECLARED_SELECTOR = YES;
				GCC_WARN_UNINITIALIZED_AUTOS = YES_AGGRESSIVE;
				GCC_WARN_UNUSED_FUNCTION = YES;
				GCC_WARN_UNUSED_VARIABLE = YES;
				IPHONEOS_DEPLOYMENT_TARGET = 13.4;
				MTL_ENABLE_DEBUG_INFO = NO;
				MTL_FAST_MATH = YES;
				SDKROOT = iphoneos;
				SWIFT_COMPILATION_MODE = wholemodule;
				SWIFT_OPTIMIZATION_LEVEL = "-O";
				VALIDATE_PRODUCT = YES;
			};
			name = Release;
		};
		C08C38F9242C7A050053A0BE /* Debug */ = {
			isa = XCBuildConfiguration;
			baseConfigurationReference = 8EF28123491F545AEF978451 /* Pods-gitIgnore.debug.xcconfig */;
			buildSettings = {
				ASSETCATALOG_COMPILER_APPICON_NAME = AppIcon;
				CODE_SIGN_STYLE = Automatic;
				DEVELOPMENT_TEAM = V52W229XV3;
				INFOPLIST_FILE = gitIgnore/Info.plist;
				LD_RUNPATH_SEARCH_PATHS = (
					"$(inherited)",
					"@executable_path/Frameworks",
				);
				PRODUCT_BUNDLE_IDENTIFIER = com.nulllun.gitIgnore;
				PRODUCT_NAME = "$(TARGET_NAME)";
				SWIFT_VERSION = 5.0;
				TARGETED_DEVICE_FAMILY = "1,2";
			};
			name = Debug;
		};
		C08C38FA242C7A050053A0BE /* Release */ = {
			isa = XCBuildConfiguration;
			baseConfigurationReference = A2BA1F63FEC7E055D94D11E8 /* Pods-gitIgnore.release.xcconfig */;
			buildSettings = {
				ASSETCATALOG_COMPILER_APPICON_NAME = AppIcon;
				CODE_SIGN_STYLE = Automatic;
				DEVELOPMENT_TEAM = V52W229XV3;
				INFOPLIST_FILE = gitIgnore/Info.plist;
				LD_RUNPATH_SEARCH_PATHS = (
					"$(inherited)",
					"@executable_path/Frameworks",
				);
				PRODUCT_BUNDLE_IDENTIFIER = com.nulllun.gitIgnore;
				PRODUCT_NAME = "$(TARGET_NAME)";
				SWIFT_VERSION = 5.0;
				TARGETED_DEVICE_FAMILY = "1,2";
			};
			name = Release;
		};
/* End XCBuildConfiguration section */

/* Begin XCConfigurationList section */
		C08C38DF242C7A050053A0BE /* Build configuration list for PBXProject "gitIgnore" */ = {
			isa = XCConfigurationList;
			buildConfigurations = (
				C08C38F6242C7A050053A0BE /* Debug */,
				C08C38F7242C7A050053A0BE /* Release */,
			);
			defaultConfigurationIsVisible = 0;
			defaultConfigurationName = Release;
		};
		C08C38F8242C7A050053A0BE /* Build configuration list for PBXNativeTarget "gitIgnore" */ = {
			isa = XCConfigurationList;
			buildConfigurations = (
				C08C38F9242C7A050053A0BE /* Debug */,
				C08C38FA242C7A050053A0BE /* Release */,
			);
			defaultConfigurationIsVisible = 0;
			defaultConfigurationName = Release;
		};
/* End XCConfigurationList section */
	};
	rootObject = C08C38DC242C7A050053A0BE /* Project object */;
}
